// !$*UTF8*$!
{
	archiveVersion = 1;
	classes = {
	};
	objectVersion = 46;
	objects = {

/* Begin PBXBuildFile section */
		021E1AEF1944CDDE00FDC37C /* Track.swift in Sources */ = {isa = PBXBuildFile; fileRef = 021E1AEE1944CDDE00FDC37C /* Track.swift */; };
		021E1AF11944D4A800FDC37C /* TrackCell.swift in Sources */ = {isa = PBXBuildFile; fileRef = 021E1AF01944D4A800FDC37C /* TrackCell.swift */; };
		021E1AF31944E0C200FDC37C /* QuartzCore.framework in Frameworks */ = {isa = PBXBuildFile; fileRef = 021E1AF21944E0C200FDC37C /* QuartzCore.framework */; };
		022889EF193FC3AC00D729A0 /* DetailsViewController.swift in Sources */ = {isa = PBXBuildFile; fileRef = 022889EE193FC3AC00D729A0 /* DetailsViewController.swift */; };
		022889F1193FD6C000D729A0 /* Album.swift in Sources */ = {isa = PBXBuildFile; fileRef = 022889F0193FD6C000D729A0 /* Album.swift */; };
		0229AE63193F97EF00BCED97 /* Blank52.png in Resources */ = {isa = PBXBuildFile; fileRef = 0229AE62193F97EF00BCED97 /* Blank52.png */; };
		02CCF4A8193D16930069AEE9 /* AppDelegate.swift in Sources */ = {isa = PBXBuildFile; fileRef = 02CCF4A7193D16930069AEE9 /* AppDelegate.swift */; };
		02CCF4AA193D16930069AEE9 /* SearchResultsViewController.swift in Sources */ = {isa = PBXBuildFile; fileRef = 02CCF4A9193D16930069AEE9 /* SearchResultsViewController.swift */; };
		02CCF4AD193D16930069AEE9 /* Main.storyboard in Resources */ = {isa = PBXBuildFile; fileRef = 02CCF4AB193D16930069AEE9 /* Main.storyboard */; };
		02CCF4AF193D16930069AEE9 /* Images.xcassets in Resources */ = {isa = PBXBuildFile; fileRef = 02CCF4AE193D16930069AEE9 /* Images.xcassets */; };
		02CCF4BB193D16930069AEE9 /* TestSwiftTests.swift in Sources */ = {isa = PBXBuildFile; fileRef = 02CCF4BA193D16930069AEE9 /* TestSwiftTests.swift */; };
		02F504DB193E0B630037F599 /* APIController.swift in Sources */ = {isa = PBXBuildFile; fileRef = 02F504DA193E0B630037F599 /* APIController.swift */; };
/* End PBXBuildFile section */

/* Begin PBXContainerItemProxy section */
		02CCF4B5193D16930069AEE9 /* PBXContainerItemProxy */ = {
			isa = PBXContainerItemProxy;
			containerPortal = 02CCF49A193D16930069AEE9 /* Project object */;
			proxyType = 1;
			remoteGlobalIDString = 02CCF4A1193D16930069AEE9;
			remoteInfo = TestSwift;
		};
/* End PBXContainerItemProxy section */

/* Begin PBXFileReference section */
		021E1AEE1944CDDE00FDC37C /* Track.swift */ = {isa = PBXFileReference; fileEncoding = 4; lastKnownFileType = sourcecode.swift; name = Track.swift; path = Classes/Track.swift; sourceTree = "<group>"; };
		021E1AF01944D4A800FDC37C /* TrackCell.swift */ = {isa = PBXFileReference; fileEncoding = 4; lastKnownFileType = sourcecode.swift; path = TrackCell.swift; sourceTree = "<group>"; };
		021E1AF21944E0C200FDC37C /* QuartzCore.framework */ = {isa = PBXFileReference; lastKnownFileType = wrapper.framework; name = QuartzCore.framework; path = System/Library/Frameworks/QuartzCore.framework; sourceTree = SDKROOT; };
		022889EE193FC3AC00D729A0 /* DetailsViewController.swift */ = {isa = PBXFileReference; fileEncoding = 4; lastKnownFileType = sourcecode.swift; name = DetailsViewController.swift; path = Classes/DetailsViewController.swift; sourceTree = "<group>"; };
		022889F0193FD6C000D729A0 /* Album.swift */ = {isa = PBXFileReference; fileEncoding = 4; lastKnownFileType = sourcecode.swift; name = Album.swift; path = Classes/Album.swift; sourceTree = "<group>"; };
		0229AE62193F97EF00BCED97 /* Blank52.png */ = {isa = PBXFileReference; lastKnownFileType = image.png; path = Blank52.png; sourceTree = "<group>"; };
		028D579A1944A6C300268B8F /* TestSwift-Bridging-Header.h */ = {isa = PBXFileReference; lastKnownFileType = sourcecode.c.h; path = "TestSwift-Bridging-Header.h"; sourceTree = "<group>"; };
		02CCF4A2193D16930069AEE9 /* TestSwift.app */ = {isa = PBXFileReference; explicitFileType = wrapper.application; includeInIndex = 0; path = TestSwift.app; sourceTree = BUILT_PRODUCTS_DIR; };
		02CCF4A6193D16930069AEE9 /* Info.plist */ = {isa = PBXFileReference; lastKnownFileType = text.plist.xml; path = Info.plist; sourceTree = "<group>"; };
		02CCF4A7193D16930069AEE9 /* AppDelegate.swift */ = {isa = PBXFileReference; lastKnownFileType = sourcecode.swift; path = AppDelegate.swift; sourceTree = "<group>"; };
		02CCF4A9193D16930069AEE9 /* SearchResultsViewController.swift */ = {isa = PBXFileReference; lastKnownFileType = sourcecode.swift; path = SearchResultsViewController.swift; sourceTree = "<group>"; };
		02CCF4AC193D16930069AEE9 /* Base */ = {isa = PBXFileReference; lastKnownFileType = file.storyboard; name = Base; path = Base.lproj/Main.storyboard; sourceTree = "<group>"; };
		02CCF4AE193D16930069AEE9 /* Images.xcassets */ = {isa = PBXFileReference; lastKnownFileType = folder.assetcatalog; path = Images.xcassets; sourceTree = "<group>"; };
		02CCF4B4193D16930069AEE9 /* TestSwiftTests.xctest */ = {isa = PBXFileReference; explicitFileType = wrapper.cfbundle; includeInIndex = 0; path = TestSwiftTests.xctest; sourceTree = BUILT_PRODUCTS_DIR; };
		02CCF4B9193D16930069AEE9 /* Info.plist */ = {isa = PBXFileReference; lastKnownFileType = text.plist.xml; path = Info.plist; sourceTree = "<group>"; };
		02CCF4BA193D16930069AEE9 /* TestSwiftTests.swift */ = {isa = PBXFileReference; lastKnownFileType = sourcecode.swift; path = TestSwiftTests.swift; sourceTree = "<group>"; };
		02F504DA193E0B630037F599 /* APIController.swift */ = {isa = PBXFileReference; fileEncoding = 4; lastKnownFileType = sourcecode.swift; path = APIController.swift; sourceTree = "<group>"; };
/* End PBXFileReference section */

/* Begin PBXFrameworksBuildPhase section */
		02CCF49F193D16930069AEE9 /* Frameworks */ = {
			isa = PBXFrameworksBuildPhase;
			buildActionMask = 2147483647;
			files = (
				021E1AF31944E0C200FDC37C /* QuartzCore.framework in Frameworks */,
			);
			runOnlyForDeploymentPostprocessing = 0;
		};
		02CCF4B1193D16930069AEE9 /* Frameworks */ = {
			isa = PBXFrameworksBuildPhase;
			buildActionMask = 2147483647;
			files = (
			);
			runOnlyForDeploymentPostprocessing = 0;
		};
/* End PBXFrameworksBuildPhase section */

/* Begin PBXGroup section */
		021E1AEA1944CC8300FDC37C /* Views */ = {
			isa = PBXGroup;
			children = (
				02CCF4A9193D16930069AEE9 /* SearchResultsViewController.swift */,
				022889EE193FC3AC00D729A0 /* DetailsViewController.swift */,
				02CCF4AB193D16930069AEE9 /* Main.storyboard */,
				021E1AF01944D4A800FDC37C /* TrackCell.swift */,
			);
			name = Views;
			sourceTree = "<group>";
		};
		021E1AEB1944CC8D00FDC37C /* Model */ = {
			isa = PBXGroup;
			children = (
				022889F0193FD6C000D729A0 /* Album.swift */,
				021E1AEE1944CDDE00FDC37C /* Track.swift */,
			);
			name = Model;
			sourceTree = "<group>";
		};
		021E1AEC1944CC9500FDC37C /* REST */ = {
			isa = PBXGroup;
			children = (
				02F504DA193E0B630037F599 /* APIController.swift */,
			);
			name = REST;
			sourceTree = "<group>";
		};
		021E1AED1944CCA800FDC37C /* Graphics */ = {
			isa = PBXGroup;
			children = (
				0229AE62193F97EF00BCED97 /* Blank52.png */,
			);
			name = Graphics;
			sourceTree = "<group>";
		};
		02CCF499193D16930069AEE9 = {
			isa = PBXGroup;
			children = (
				021E1AF21944E0C200FDC37C /* QuartzCore.framework */,
				02CCF4A4193D16930069AEE9 /* TestSwift */,
				02CCF4B7193D16930069AEE9 /* TestSwiftTests */,
				02CCF4A3193D16930069AEE9 /* Products */,
			);
			sourceTree = "<group>";
		};
		02CCF4A3193D16930069AEE9 /* Products */ = {
			isa = PBXGroup;
			children = (
				02CCF4A2193D16930069AEE9 /* TestSwift.app */,
				02CCF4B4193D16930069AEE9 /* TestSwiftTests.xctest */,
			);
			name = Products;
			sourceTree = "<group>";
		};
		02CCF4A4193D16930069AEE9 /* TestSwift */ = {
			isa = PBXGroup;
			children = (
				021E1AED1944CCA800FDC37C /* Graphics */,
				021E1AEC1944CC9500FDC37C /* REST */,
				021E1AEB1944CC8D00FDC37C /* Model */,
				021E1AEA1944CC8300FDC37C /* Views */,
				02CCF4AE193D16930069AEE9 /* Images.xcassets */,
				02CCF4A5193D16930069AEE9 /* Supporting Files */,
				028D579A1944A6C300268B8F /* TestSwift-Bridging-Header.h */,
			);
			path = TestSwift;
			sourceTree = "<group>";
		};
		02CCF4A5193D16930069AEE9 /* Supporting Files */ = {
			isa = PBXGroup;
			children = (
				02CCF4A7193D16930069AEE9 /* AppDelegate.swift */,
				02CCF4A6193D16930069AEE9 /* Info.plist */,
			);
			name = "Supporting Files";
			sourceTree = "<group>";
		};
		02CCF4B7193D16930069AEE9 /* TestSwiftTests */ = {
			isa = PBXGroup;
			children = (
				02CCF4BA193D16930069AEE9 /* TestSwiftTests.swift */,
				02CCF4B8193D16930069AEE9 /* Supporting Files */,
			);
			path = TestSwiftTests;
			sourceTree = "<group>";
		};
		02CCF4B8193D16930069AEE9 /* Supporting Files */ = {
			isa = PBXGroup;
			children = (
				02CCF4B9193D16930069AEE9 /* Info.plist */,
			);
			name = "Supporting Files";
			sourceTree = "<group>";
		};
/* End PBXGroup section */

/* Begin PBXNativeTarget section */
		02CCF4A1193D16930069AEE9 /* TestSwift */ = {
			isa = PBXNativeTarget;
			buildConfigurationList = 02CCF4BE193D16930069AEE9 /* Build configuration list for PBXNativeTarget "TestSwift" */;
			buildPhases = (
				02CCF49E193D16930069AEE9 /* Sources */,
				02CCF49F193D16930069AEE9 /* Frameworks */,
				02CCF4A0193D16930069AEE9 /* Resources */,
			);
			buildRules = (
			);
			dependencies = (
			);
			name = TestSwift;
			productName = TestSwift;
			productReference = 02CCF4A2193D16930069AEE9 /* TestSwift.app */;
			productType = "com.apple.product-type.application";
		};
		02CCF4B3193D16930069AEE9 /* TestSwiftTests */ = {
			isa = PBXNativeTarget;
			buildConfigurationList = 02CCF4C1193D16930069AEE9 /* Build configuration list for PBXNativeTarget "TestSwiftTests" */;
			buildPhases = (
				02CCF4B0193D16930069AEE9 /* Sources */,
				02CCF4B1193D16930069AEE9 /* Frameworks */,
				02CCF4B2193D16930069AEE9 /* Resources */,
			);
			buildRules = (
			);
			dependencies = (
				02CCF4B6193D16930069AEE9 /* PBXTargetDependency */,
			);
			name = TestSwiftTests;
			productName = TestSwiftTests;
			productReference = 02CCF4B4193D16930069AEE9 /* TestSwiftTests.xctest */;
			productType = "com.apple.product-type.bundle.unit-test";
		};
/* End PBXNativeTarget section */

/* Begin PBXProject section */
		02CCF49A193D16930069AEE9 /* Project object */ = {
			isa = PBXProject;
			attributes = {
				LastUpgradeCheck = 0600;
				ORGANIZATIONNAME = "JQ Software LLC";
				TargetAttributes = {
					02CCF4A1193D16930069AEE9 = {
						CreatedOnToolsVersion = 6.0;
					};
					02CCF4B3193D16930069AEE9 = {
						CreatedOnToolsVersion = 6.0;
						TestTargetID = 02CCF4A1193D16930069AEE9;
					};
				};
			};
			buildConfigurationList = 02CCF49D193D16930069AEE9 /* Build configuration list for PBXProject "TestSwift" */;
			compatibilityVersion = "Xcode 3.2";
			developmentRegion = English;
			hasScannedForEncodings = 0;
			knownRegions = (
				en,
				Base,
			);
			mainGroup = 02CCF499193D16930069AEE9;
			productRefGroup = 02CCF4A3193D16930069AEE9 /* Products */;
			projectDirPath = "";
			projectRoot = "";
			targets = (
				02CCF4A1193D16930069AEE9 /* TestSwift */,
				02CCF4B3193D16930069AEE9 /* TestSwiftTests */,
			);
		};
/* End PBXProject section */

/* Begin PBXResourcesBuildPhase section */
		02CCF4A0193D16930069AEE9 /* Resources */ = {
			isa = PBXResourcesBuildPhase;
			buildActionMask = 2147483647;
			files = (
				0229AE63193F97EF00BCED97 /* Blank52.png in Resources */,
				02CCF4AD193D16930069AEE9 /* Main.storyboard in Resources */,
				02CCF4AF193D16930069AEE9 /* Images.xcassets in Resources */,
			);
			runOnlyForDeploymentPostprocessing = 0;
		};
		02CCF4B2193D16930069AEE9 /* Resources */ = {
			isa = PBXResourcesBuildPhase;
			buildActionMask = 2147483647;
			files = (
			);
			runOnlyForDeploymentPostprocessing = 0;
		};
/* End PBXResourcesBuildPhase section */

/* Begin PBXSourcesBuildPhase section */
		02CCF49E193D16930069AEE9 /* Sources */ = {
			isa = PBXSourcesBuildPhase;
			buildActionMask = 2147483647;
			files = (
				021E1AF11944D4A800FDC37C /* TrackCell.swift in Sources */,
				02CCF4AA193D16930069AEE9 /* SearchResultsViewController.swift in Sources */,
				02CCF4A8193D16930069AEE9 /* AppDelegate.swift in Sources */,
				02F504DB193E0B630037F599 /* APIController.swift in Sources */,
				022889EF193FC3AC00D729A0 /* DetailsViewController.swift in Sources */,
				022889F1193FD6C000D729A0 /* Album.swift in Sources */,
				021E1AEF1944CDDE00FDC37C /* Track.swift in Sources */,
			);
			runOnlyForDeploymentPostprocessing = 0;
		};
		02CCF4B0193D16930069AEE9 /* Sources */ = {
			isa = PBXSourcesBuildPhase;
			buildActionMask = 2147483647;
			files = (
				02CCF4BB193D16930069AEE9 /* TestSwiftTests.swift in Sources */,
			);
			runOnlyForDeploymentPostprocessing = 0;
		};
/* End PBXSourcesBuildPhase section */

/* Begin PBXTargetDependency section */
		02CCF4B6193D16930069AEE9 /* PBXTargetDependency */ = {
			isa = PBXTargetDependency;
			target = 02CCF4A1193D16930069AEE9 /* TestSwift */;
			targetProxy = 02CCF4B5193D16930069AEE9 /* PBXContainerItemProxy */;
		};
/* End PBXTargetDependency section */

/* Begin PBXVariantGroup section */
		02CCF4AB193D16930069AEE9 /* Main.storyboard */ = {
			isa = PBXVariantGroup;
			children = (
				02CCF4AC193D16930069AEE9 /* Base */,
			);
			name = Main.storyboard;
			sourceTree = "<group>";
		};
/* End PBXVariantGroup section */

/* Begin XCBuildConfiguration section */
		02CCF4BC193D16930069AEE9 /* Debug */ = {
			isa = XCBuildConfiguration;
			buildSettings = {
				ALWAYS_SEARCH_USER_PATHS = NO;
				CLANG_CXX_LANGUAGE_STANDARD = "gnu++0x";
				CLANG_CXX_LIBRARY = "libc++";
				CLANG_ENABLE_MODULES = YES;
				CLANG_ENABLE_OBJC_ARC = YES;
				CLANG_WARN_BOOL_CONVERSION = YES;
				CLANG_WARN_CONSTANT_CONVERSION = YES;
				CLANG_WARN_DIRECT_OBJC_ISA_USAGE = YES_ERROR;
				CLANG_WARN_EMPTY_BODY = YES;
				CLANG_WARN_ENUM_CONVERSION = YES;
				CLANG_WARN_INT_CONVERSION = YES;
				CLANG_WARN_OBJC_ROOT_CLASS = YES_ERROR;
				CLANG_WARN_UNREACHABLE_CODE = YES;
				CLANG_WARN__DUPLICATE_METHOD_MATCH = YES;
				"CODE_SIGN_IDENTITY[sdk=iphoneos*]" = "iPhone Developer";
				COPY_PHASE_STRIP = NO;
				ENABLE_STRICT_OBJC_MSGSEND = YES;
				GCC_C_LANGUAGE_STANDARD = gnu99;
				GCC_DYNAMIC_NO_PIC = NO;
				GCC_OPTIMIZATION_LEVEL = 0;
				GCC_PREPROCESSOR_DEFINITIONS = (
					"DEBUG=1",
					"$(inherited)",
				);
				GCC_SYMBOLS_PRIVATE_EXTERN = NO;
				GCC_WARN_64_TO_32_BIT_CONVERSION = YES;
				GCC_WARN_ABOUT_RETURN_TYPE = YES_ERROR;
				GCC_WARN_UNDECLARED_SELECTOR = YES;
				GCC_WARN_UNINITIALIZED_AUTOS = YES_AGGRESSIVE;
				GCC_WARN_UNUSED_FUNCTION = YES;
				GCC_WARN_UNUSED_VARIABLE = YES;
				IPHONEOS_DEPLOYMENT_TARGET = 8.0;
				METAL_ENABLE_DEBUG_INFO = YES;
				ONLY_ACTIVE_ARCH = YES;
				SDKROOT = iphoneos;
				SWIFT_OPTIMIZATION_LEVEL = "-Onone";
				TARGETED_DEVICE_FAMILY = "1,2";
			};
			name = Debug;
		};
		02CCF4BD193D16930069AEE9 /* Release */ = {
			isa = XCBuildConfiguration;
			buildSettings = {
				ALWAYS_SEARCH_USER_PATHS = NO;
				CLANG_CXX_LANGUAGE_STANDARD = "gnu++0x";
				CLANG_CXX_LIBRARY = "libc++";
				CLANG_ENABLE_MODULES = YES;
				CLANG_ENABLE_OBJC_ARC = YES;
				CLANG_WARN_BOOL_CONVERSION = YES;
				CLANG_WARN_CONSTANT_CONVERSION = YES;
				CLANG_WARN_DIRECT_OBJC_ISA_USAGE = YES_ERROR;
				CLANG_WARN_EMPTY_BODY = YES;
				CLANG_WARN_ENUM_CONVERSION = YES;
				CLANG_WARN_INT_CONVERSION = YES;
				CLANG_WARN_OBJC_ROOT_CLASS = YES_ERROR;
				CLANG_WARN_UNREACHABLE_CODE = YES;
				CLANG_WARN__DUPLICATE_METHOD_MATCH = YES;
				"CODE_SIGN_IDENTITY[sdk=iphoneos*]" = "iPhone Developer";
				COPY_PHASE_STRIP = YES;
				ENABLE_NS_ASSERTIONS = NO;
				ENABLE_STRICT_OBJC_MSGSEND = YES;
				GCC_C_LANGUAGE_STANDARD = gnu99;
				GCC_WARN_64_TO_32_BIT_CONVERSION = YES;
				GCC_WARN_ABOUT_RETURN_TYPE = YES_ERROR;
				GCC_WARN_UNDECLARED_SELECTOR = YES;
				GCC_WARN_UNINITIALIZED_AUTOS = YES_AGGRESSIVE;
				GCC_WARN_UNUSED_FUNCTION = YES;
				GCC_WARN_UNUSED_VARIABLE = YES;
				IPHONEOS_DEPLOYMENT_TARGET = 8.0;
				METAL_ENABLE_DEBUG_INFO = NO;
				SDKROOT = iphoneos;
				TARGETED_DEVICE_FAMILY = "1,2";
				VALIDATE_PRODUCT = YES;
			};
			name = Release;
		};
		02CCF4BF193D16930069AEE9 /* Debug */ = {
			isa = XCBuildConfiguration;
			buildSettings = {
				ASSETCATALOG_COMPILER_APPICON_NAME = AppIcon;
				ASSETCATALOG_COMPILER_LAUNCHIMAGE_NAME = LaunchImage;
				CLANG_ENABLE_MODULES = YES;
				INFOPLIST_FILE = TestSwift/Info.plist;
				IPHONEOS_DEPLOYMENT_TARGET = 6.0;
				LD_RUNPATH_SEARCH_PATHS = "$(inherited) @executable_path/Frameworks";
				PRODUCT_NAME = "$(TARGET_NAME)";
				SWIFT_OBJC_BRIDGING_HEADER = "TestSwift/TestSwift-Bridging-Header.h";
				SWIFT_OPTIMIZATION_LEVEL = "-Onone";
			};
			name = Debug;
		};
		02CCF4C0193D16930069AEE9 /* Release */ = {
			isa = XCBuildConfiguration;
			buildSettings = {
				ASSETCATALOG_COMPILER_APPICON_NAME = AppIcon;
				ASSETCATALOG_COMPILER_LAUNCHIMAGE_NAME = LaunchImage;
				CLANG_ENABLE_MODULES = YES;
				INFOPLIST_FILE = TestSwift/Info.plist;
				IPHONEOS_DEPLOYMENT_TARGET = 6.0;
				LD_RUNPATH_SEARCH_PATHS = "$(inherited) @executable_path/Frameworks";
				PRODUCT_NAME = "$(TARGET_NAME)";
				SWIFT_OBJC_BRIDGING_HEADER = "TestSwift/TestSwift-Bridging-Header.h";
			};
			name = Release;
		};
		02CCF4C2193D16930069AEE9 /* Debug */ = {
			isa = XCBuildConfiguration;
			buildSettings = {
				BUNDLE_LOADER = "$(BUILT_PRODUCTS_DIR)/TestSwift.app/TestSwift";
				FRAMEWORK_SEARCH_PATHS = (
					"$(SDKROOT)/Developer/Library/Frameworks",
					"$(inherited)",
				);
				GCC_PREPROCESSOR_DEFINITIONS = (
					"DEBUG=1",
					"$(inherited)",
				);
				INFOPLIST_FILE = TestSwiftTests/Info.plist;
				LD_RUNPATH_SEARCH_PATHS = "$(inherited) @executable_path/Frameworks @loader_path/Frameworks";
				METAL_ENABLE_DEBUG_INFO = YES;
				PRODUCT_NAME = "$(TARGET_NAME)";
				TEST_HOST = "$(BUNDLE_LOADER)";
			};
			name = Debug;
		};
		02CCF4C3193D16930069AEE9 /* Release */ = {
			isa = XCBuildConfiguration;
			buildSettings = {
				BUNDLE_LOADER = "$(BUILT_PRODUCTS_DIR)/TestSwift.app/TestSwift";
				FRAMEWORK_SEARCH_PATHS = (
					"$(SDKROOT)/Developer/Library/Frameworks",
					"$(inherited)",
				);
				INFOPLIST_FILE = TestSwiftTests/Info.plist;
				LD_RUNPATH_SEARCH_PATHS = "$(inherited) @executable_path/Frameworks @loader_path/Frameworks";
				METAL_ENABLE_DEBUG_INFO = NO;
				PRODUCT_NAME = "$(TARGET_NAME)";
				TEST_HOST = "$(BUNDLE_LOADER)";
			};
			name = Release;
		};
/* End XCBuildConfiguration section */

/* Begin XCConfigurationList section */
		02CCF49D193D16930069AEE9 /* Build configuration list for PBXProject "TestSwift" */ = {
			isa = XCConfigurationList;
			buildConfigurations = (
				02CCF4BC193D16930069AEE9 /* Debug */,
				02CCF4BD193D16930069AEE9 /* Release */,
			);
			defaultConfigurationIsVisible = 0;
			defaultConfigurationName = Release;
		};
		02CCF4BE193D16930069AEE9 /* Build configuration list for PBXNativeTarget "TestSwift" */ = {
			isa = XCConfigurationList;
			buildConfigurations = (
				02CCF4BF193D16930069AEE9 /* Debug */,
				02CCF4C0193D16930069AEE9 /* Release */,
			);
			defaultConfigurationIsVisible = 0;
			defaultConfigurationName = Release;
		};
		02CCF4C1193D16930069AEE9 /* Build configuration list for PBXNativeTarget "TestSwiftTests" */ = {
			isa = XCConfigurationList;
			buildConfigurations = (
				02CCF4C2193D16930069AEE9 /* Debug */,
				02CCF4C3193D16930069AEE9 /* Release */,
			);
			defaultConfigurationIsVisible = 0;
			defaultConfigurationName = Release;
		};
/* End XCConfigurationList section */
	};
	rootObject = 02CCF49A193D16930069AEE9 /* Project object */;
}
