// !$*UTF8*$!
{
	archiveVersion = 1;
	classes = {
	};
	objectVersion = 46;
	objects = {

/* Begin PBXBuildFile section */
		020BE45019A71EB3006C3E0B /* AppDelegate.swift in Sources */ = {isa = PBXBuildFile; fileRef = 020BE44F19A71EB3006C3E0B /* AppDelegate.swift */; };
		020BE45219A71EB3006C3E0B /* SearchResultsViewController.swift in Sources */ = {isa = PBXBuildFile; fileRef = 020BE45119A71EB3006C3E0B /* SearchResultsViewController.swift */; };
		020BE45519A71EB3006C3E0B /* Main.storyboard in Resources */ = {isa = PBXBuildFile; fileRef = 020BE45319A71EB3006C3E0B /* Main.storyboard */; };
		020BE45719A71EB3006C3E0B /* Images.xcassets in Resources */ = {isa = PBXBuildFile; fileRef = 020BE45619A71EB3006C3E0B /* Images.xcassets */; };
		020BE46319A71EB3006C3E0B /* SwiftTutorialTests.swift in Sources */ = {isa = PBXBuildFile; fileRef = 020BE46219A71EB3006C3E0B /* SwiftTutorialTests.swift */; };
		020BE46D19A721FF006C3E0B /* APIController.swift in Sources */ = {isa = PBXBuildFile; fileRef = 020BE46C19A721FF006C3E0B /* APIController.swift */; };
/* End PBXBuildFile section */

/* Begin PBXContainerItemProxy section */
		020BE45D19A71EB3006C3E0B /* PBXContainerItemProxy */ = {
			isa = PBXContainerItemProxy;
			containerPortal = 020BE44219A71EB3006C3E0B /* Project object */;
			proxyType = 1;
			remoteGlobalIDString = 020BE44919A71EB3006C3E0B;
			remoteInfo = SwiftTutorial;
		};
/* End PBXContainerItemProxy section */

/* Begin PBXFileReference section */
		020BE44A19A71EB3006C3E0B /* SwiftTutorial.app */ = {isa = PBXFileReference; explicitFileType = wrapper.application; includeInIndex = 0; path = SwiftTutorial.app; sourceTree = BUILT_PRODUCTS_DIR; };
		020BE44E19A71EB3006C3E0B /* Info.plist */ = {isa = PBXFileReference; lastKnownFileType = text.plist.xml; path = Info.plist; sourceTree = "<group>"; };
		020BE44F19A71EB3006C3E0B /* AppDelegate.swift */ = {isa = PBXFileReference; lastKnownFileType = sourcecode.swift; path = AppDelegate.swift; sourceTree = "<group>"; };
		020BE45119A71EB3006C3E0B /* SearchResultsViewController.swift */ = {isa = PBXFileReference; lastKnownFileType = sourcecode.swift; path = SearchResultsViewController.swift; sourceTree = "<group>"; };
		020BE45419A71EB3006C3E0B /* Base */ = {isa = PBXFileReference; lastKnownFileType = file.storyboard; name = Base; path = Base.lproj/Main.storyboard; sourceTree = "<group>"; };
		020BE45619A71EB3006C3E0B /* Images.xcassets */ = {isa = PBXFileReference; lastKnownFileType = folder.assetcatalog; path = Images.xcassets; sourceTree = "<group>"; };
		020BE45C19A71EB3006C3E0B /* SwiftTutorialTests.xctest */ = {isa = PBXFileReference; explicitFileType = wrapper.cfbundle; includeInIndex = 0; path = SwiftTutorialTests.xctest; sourceTree = BUILT_PRODUCTS_DIR; };
		020BE46119A71EB3006C3E0B /* Info.plist */ = {isa = PBXFileReference; lastKnownFileType = text.plist.xml; path = Info.plist; sourceTree = "<group>"; };
		020BE46219A71EB3006C3E0B /* SwiftTutorialTests.swift */ = {isa = PBXFileReference; lastKnownFileType = sourcecode.swift; path = SwiftTutorialTests.swift; sourceTree = "<group>"; };
		020BE46C19A721FF006C3E0B /* APIController.swift */ = {isa = PBXFileReference; fileEncoding = 4; lastKnownFileType = sourcecode.swift; path = APIController.swift; sourceTree = "<group>"; };
/* End PBXFileReference section */

/* Begin PBXFrameworksBuildPhase section */
		020BE44719A71EB3006C3E0B /* Frameworks */ = {
			isa = PBXFrameworksBuildPhase;
			buildActionMask = 2147483647;
			files = (
			);
			runOnlyForDeploymentPostprocessing = 0;
		};
		020BE45919A71EB3006C3E0B /* Frameworks */ = {
			isa = PBXFrameworksBuildPhase;
			buildActionMask = 2147483647;
			files = (
			);
			runOnlyForDeploymentPostprocessing = 0;
		};
/* End PBXFrameworksBuildPhase section */

/* Begin PBXGroup section */
		020BE44119A71EB3006C3E0B = {
			isa = PBXGroup;
			children = (
				020BE44C19A71EB3006C3E0B /* SwiftTutorial */,
				020BE45F19A71EB3006C3E0B /* SwiftTutorialTests */,
				020BE44B19A71EB3006C3E0B /* Products */,
			);
			sourceTree = "<group>";
		};
		020BE44B19A71EB3006C3E0B /* Products */ = {
			isa = PBXGroup;
			children = (
				020BE44A19A71EB3006C3E0B /* SwiftTutorial.app */,
				020BE45C19A71EB3006C3E0B /* SwiftTutorialTests.xctest */,
			);
			name = Products;
			sourceTree = "<group>";
		};
		020BE44C19A71EB3006C3E0B /* SwiftTutorial */ = {
			isa = PBXGroup;
			children = (
				020BE46C19A721FF006C3E0B /* APIController.swift */,
				020BE44F19A71EB3006C3E0B /* AppDelegate.swift */,
				020BE45119A71EB3006C3E0B /* SearchResultsViewController.swift */,
				020BE45319A71EB3006C3E0B /* Main.storyboard */,
				020BE45619A71EB3006C3E0B /* Images.xcassets */,
				020BE44D19A71EB3006C3E0B /* Supporting Files */,
			);
			path = SwiftTutorial;
			sourceTree = "<group>";
		};
		020BE44D19A71EB3006C3E0B /* Supporting Files */ = {
			isa = PBXGroup;
			children = (
				020BE44E19A71EB3006C3E0B /* Info.plist */,
			);
			name = "Supporting Files";
			sourceTree = "<group>";
		};
		020BE45F19A71EB3006C3E0B /* SwiftTutorialTests */ = {
			isa = PBXGroup;
			children = (
				020BE46219A71EB3006C3E0B /* SwiftTutorialTests.swift */,
				020BE46019A71EB3006C3E0B /* Supporting Files */,
			);
			path = SwiftTutorialTests;
			sourceTree = "<group>";
		};
		020BE46019A71EB3006C3E0B /* Supporting Files */ = {
			isa = PBXGroup;
			children = (
				020BE46119A71EB3006C3E0B /* Info.plist */,
			);
			name = "Supporting Files";
			sourceTree = "<group>";
		};
/* End PBXGroup section */

/* Begin PBXNativeTarget section */
		020BE44919A71EB3006C3E0B /* SwiftTutorial */ = {
			isa = PBXNativeTarget;
			buildConfigurationList = 020BE46619A71EB3006C3E0B /* Build configuration list for PBXNativeTarget "SwiftTutorial" */;
			buildPhases = (
				020BE44619A71EB3006C3E0B /* Sources */,
				020BE44719A71EB3006C3E0B /* Frameworks */,
				020BE44819A71EB3006C3E0B /* Resources */,
			);
			buildRules = (
			);
			dependencies = (
			);
			name = SwiftTutorial;
			productName = SwiftTutorial;
			productReference = 020BE44A19A71EB3006C3E0B /* SwiftTutorial.app */;
			productType = "com.apple.product-type.application";
		};
		020BE45B19A71EB3006C3E0B /* SwiftTutorialTests */ = {
			isa = PBXNativeTarget;
			buildConfigurationList = 020BE46919A71EB3006C3E0B /* Build configuration list for PBXNativeTarget "SwiftTutorialTests" */;
			buildPhases = (
				020BE45819A71EB3006C3E0B /* Sources */,
				020BE45919A71EB3006C3E0B /* Frameworks */,
				020BE45A19A71EB3006C3E0B /* Resources */,
			);
			buildRules = (
			);
			dependencies = (
				020BE45E19A71EB3006C3E0B /* PBXTargetDependency */,
			);
			name = SwiftTutorialTests;
			productName = SwiftTutorialTests;
			productReference = 020BE45C19A71EB3006C3E0B /* SwiftTutorialTests.xctest */;
			productType = "com.apple.product-type.bundle.unit-test";
		};
/* End PBXNativeTarget section */

/* Begin PBXProject section */
		020BE44219A71EB3006C3E0B /* Project object */ = {
			isa = PBXProject;
			attributes = {
				LastUpgradeCheck = 0600;
				ORGANIZATIONNAME = "JQ Software LLC";
				TargetAttributes = {
					020BE44919A71EB3006C3E0B = {
						CreatedOnToolsVersion = 6.0;
					};
					020BE45B19A71EB3006C3E0B = {
						CreatedOnToolsVersion = 6.0;
						TestTargetID = 020BE44919A71EB3006C3E0B;
					};
				};
			};
			buildConfigurationList = 020BE44519A71EB3006C3E0B /* Build configuration list for PBXProject "SwiftTutorial" */;
			compatibilityVersion = "Xcode 3.2";
			developmentRegion = English;
			hasScannedForEncodings = 0;
			knownRegions = (
				en,
				Base,
			);
			mainGroup = 020BE44119A71EB3006C3E0B;
			productRefGroup = 020BE44B19A71EB3006C3E0B /* Products */;
			projectDirPath = "";
			projectRoot = "";
			targets = (
				020BE44919A71EB3006C3E0B /* SwiftTutorial */,
				020BE45B19A71EB3006C3E0B /* SwiftTutorialTests */,
			);
		};
/* End PBXProject section */

/* Begin PBXResourcesBuildPhase section */
		020BE44819A71EB3006C3E0B /* Resources */ = {
			isa = PBXResourcesBuildPhase;
			buildActionMask = 2147483647;
			files = (
				020BE45519A71EB3006C3E0B /* Main.storyboard in Resources */,
				020BE45719A71EB3006C3E0B /* Images.xcassets in Resources */,
			);
			runOnlyForDeploymentPostprocessing = 0;
		};
		020BE45A19A71EB3006C3E0B /* Resources */ = {
			isa = PBXResourcesBuildPhase;
			buildActionMask = 2147483647;
			files = (
			);
			runOnlyForDeploymentPostprocessing = 0;
		};
/* End PBXResourcesBuildPhase section */

/* Begin PBXSourcesBuildPhase section */
		020BE44619A71EB3006C3E0B /* Sources */ = {
			isa = PBXSourcesBuildPhase;
			buildActionMask = 2147483647;
			files = (
				020BE45219A71EB3006C3E0B /* SearchResultsViewController.swift in Sources */,
				020BE45019A71EB3006C3E0B /* AppDelegate.swift in Sources */,
				020BE46D19A721FF006C3E0B /* APIController.swift in Sources */,
			);
			runOnlyForDeploymentPostprocessing = 0;
		};
		020BE45819A71EB3006C3E0B /* Sources */ = {
			isa = PBXSourcesBuildPhase;
			buildActionMask = 2147483647;
			files = (
				020BE46319A71EB3006C3E0B /* SwiftTutorialTests.swift in Sources */,
			);
			runOnlyForDeploymentPostprocessing = 0;
		};
/* End PBXSourcesBuildPhase section */

/* Begin PBXTargetDependency section */
		020BE45E19A71EB3006C3E0B /* PBXTargetDependency */ = {
			isa = PBXTargetDependency;
			target = 020BE44919A71EB3006C3E0B /* SwiftTutorial */;
			targetProxy = 020BE45D19A71EB3006C3E0B /* PBXContainerItemProxy */;
		};
/* End PBXTargetDependency section */

/* Begin PBXVariantGroup section */
		020BE45319A71EB3006C3E0B /* Main.storyboard */ = {
			isa = PBXVariantGroup;
			children = (
				020BE45419A71EB3006C3E0B /* Base */,
			);
			name = Main.storyboard;
			sourceTree = "<group>";
		};
/* End PBXVariantGroup section */

/* Begin XCBuildConfiguration section */
		020BE46419A71EB3006C3E0B /* Debug */ = {
			isa = XCBuildConfiguration;
			buildSettings = {
				ALWAYS_SEARCH_USER_PATHS = NO;
				CLANG_CXX_LANGUAGE_STANDARD = "gnu++0x";
				CLANG_CXX_LIBRARY = "libc++";
				CLANG_ENABLE_MODULES = YES;
				CLANG_ENABLE_OBJC_ARC = YES;
				CLANG_WARN_BOOL_CONVERSION = YES;
				CLANG_WARN_CONSTANT_CONVERSION = YES;
				CLANG_WARN_DIRECT_OBJC_ISA_USAGE = YES_ERROR;
				CLANG_WARN_EMPTY_BODY = YES;
				CLANG_WARN_ENUM_CONVERSION = YES;
				CLANG_WARN_INT_CONVERSION = YES;
				CLANG_WARN_OBJC_ROOT_CLASS = YES_ERROR;
				CLANG_WARN_UNREACHABLE_CODE = YES;
				CLANG_WARN__DUPLICATE_METHOD_MATCH = YES;
				"CODE_SIGN_IDENTITY[sdk=iphoneos*]" = "iPhone Developer";
				COPY_PHASE_STRIP = NO;
				ENABLE_STRICT_OBJC_MSGSEND = YES;
				GCC_C_LANGUAGE_STANDARD = gnu99;
				GCC_DYNAMIC_NO_PIC = NO;
				GCC_OPTIMIZATION_LEVEL = 0;
				GCC_PREPROCESSOR_DEFINITIONS = (
					"DEBUG=1",
					"$(inherited)",
				);
				GCC_SYMBOLS_PRIVATE_EXTERN = NO;
				GCC_WARN_64_TO_32_BIT_CONVERSION = YES;
				GCC_WARN_ABOUT_RETURN_TYPE = YES_ERROR;
				GCC_WARN_UNDECLARED_SELECTOR = YES;
				GCC_WARN_UNINITIALIZED_AUTOS = YES_AGGRESSIVE;
				GCC_WARN_UNUSED_FUNCTION = YES;
				GCC_WARN_UNUSED_VARIABLE = YES;
				IPHONEOS_DEPLOYMENT_TARGET = 8.0;
				MTL_ENABLE_DEBUG_INFO = YES;
				ONLY_ACTIVE_ARCH = YES;
				SDKROOT = iphoneos;
				SWIFT_OPTIMIZATION_LEVEL = "-Onone";
			};
			name = Debug;
		};
		020BE46519A71EB3006C3E0B /* Release */ = {
			isa = XCBuildConfiguration;
			buildSettings = {
				ALWAYS_SEARCH_USER_PATHS = NO;
				CLANG_CXX_LANGUAGE_STANDARD = "gnu++0x";
				CLANG_CXX_LIBRARY = "libc++";
				CLANG_ENABLE_MODULES = YES;
				CLANG_ENABLE_OBJC_ARC = YES;
				CLANG_WARN_BOOL_CONVERSION = YES;
				CLANG_WARN_CONSTANT_CONVERSION = YES;
				CLANG_WARN_DIRECT_OBJC_ISA_USAGE = YES_ERROR;
				CLANG_WARN_EMPTY_BODY = YES;
				CLANG_WARN_ENUM_CONVERSION = YES;
				CLANG_WARN_INT_CONVERSION = YES;
				CLANG_WARN_OBJC_ROOT_CLASS = YES_ERROR;
				CLANG_WARN_UNREACHABLE_CODE = YES;
				CLANG_WARN__DUPLICATE_METHOD_MATCH = YES;
				"CODE_SIGN_IDENTITY[sdk=iphoneos*]" = "iPhone Developer";
				COPY_PHASE_STRIP = YES;
				ENABLE_NS_ASSERTIONS = NO;
				ENABLE_STRICT_OBJC_MSGSEND = YES;
				GCC_C_LANGUAGE_STANDARD = gnu99;
				GCC_WARN_64_TO_32_BIT_CONVERSION = YES;
				GCC_WARN_ABOUT_RETURN_TYPE = YES_ERROR;
				GCC_WARN_UNDECLARED_SELECTOR = YES;
				GCC_WARN_UNINITIALIZED_AUTOS = YES_AGGRESSIVE;
				GCC_WARN_UNUSED_FUNCTION = YES;
				GCC_WARN_UNUSED_VARIABLE = YES;
				IPHONEOS_DEPLOYMENT_TARGET = 8.0;
				MTL_ENABLE_DEBUG_INFO = NO;
				SDKROOT = iphoneos;
				VALIDATE_PRODUCT = YES;
			};
			name = Release;
		};
		020BE46719A71EB3006C3E0B /* Debug */ = {
			isa = XCBuildConfiguration;
			buildSettings = {
				ASSETCATALOG_COMPILER_APPICON_NAME = AppIcon;
				ASSETCATALOG_COMPILER_LAUNCHIMAGE_NAME = LaunchImage;
				INFOPLIST_FILE = SwiftTutorial/Info.plist;
				LD_RUNPATH_SEARCH_PATHS = "$(inherited) @executable_path/Frameworks";
				PRODUCT_NAME = "$(TARGET_NAME)";
			};
			name = Debug;
		};
		020BE46819A71EB3006C3E0B /* Release */ = {
			isa = XCBuildConfiguration;
			buildSettings = {
				ASSETCATALOG_COMPILER_APPICON_NAME = AppIcon;
				ASSETCATALOG_COMPILER_LAUNCHIMAGE_NAME = LaunchImage;
				INFOPLIST_FILE = SwiftTutorial/Info.plist;
				LD_RUNPATH_SEARCH_PATHS = "$(inherited) @executable_path/Frameworks";
				PRODUCT_NAME = "$(TARGET_NAME)";
			};
			name = Release;
		};
		020BE46A19A71EB3006C3E0B /* Debug */ = {
			isa = XCBuildConfiguration;
			buildSettings = {
				BUNDLE_LOADER = "$(TEST_HOST)";
				FRAMEWORK_SEARCH_PATHS = (
					"$(SDKROOT)/Developer/Library/Frameworks",
					"$(inherited)",
				);
				GCC_PREPROCESSOR_DEFINITIONS = (
					"DEBUG=1",
					"$(inherited)",
				);
				INFOPLIST_FILE = SwiftTutorialTests/Info.plist;
				LD_RUNPATH_SEARCH_PATHS = "$(inherited) @executable_path/Frameworks @loader_path/Frameworks";
				PRODUCT_NAME = "$(TARGET_NAME)";
				TEST_HOST = "$(BUILT_PRODUCTS_DIR)/SwiftTutorial.app/SwiftTutorial";
			};
			name = Debug;
		};
		020BE46B19A71EB3006C3E0B /* Release */ = {
			isa = XCBuildConfiguration;
			buildSettings = {
				BUNDLE_LOADER = "$(TEST_HOST)";
				FRAMEWORK_SEARCH_PATHS = (
					"$(SDKROOT)/Developer/Library/Frameworks",
					"$(inherited)",
				);
				INFOPLIST_FILE = SwiftTutorialTests/Info.plist;
				LD_RUNPATH_SEARCH_PATHS = "$(inherited) @executable_path/Frameworks @loader_path/Frameworks";
				PRODUCT_NAME = "$(TARGET_NAME)";
				TEST_HOST = "$(BUILT_PRODUCTS_DIR)/SwiftTutorial.app/SwiftTutorial";
			};
			name = Release;
		};
/* End XCBuildConfiguration section */

/* Begin XCConfigurationList section */
		020BE44519A71EB3006C3E0B /* Build configuration list for PBXProject "SwiftTutorial" */ = {
			isa = XCConfigurationList;
			buildConfigurations = (
				020BE46419A71EB3006C3E0B /* Debug */,
				020BE46519A71EB3006C3E0B /* Release */,
			);
			defaultConfigurationIsVisible = 0;
			defaultConfigurationName = Release;
		};
		020BE46619A71EB3006C3E0B /* Build configuration list for PBXNativeTarget "SwiftTutorial" */ = {
			isa = XCConfigurationList;
			buildConfigurations = (
				020BE46719A71EB3006C3E0B /* Debug */,
				020BE46819A71EB3006C3E0B /* Release */,
			);
			defaultConfigurationIsVisible = 0;
		};
		020BE46919A71EB3006C3E0B /* Build configuration list for PBXNativeTarget "SwiftTutorialTests" */ = {
			isa = XCConfigurationList;
			buildConfigurations = (
				020BE46A19A71EB3006C3E0B /* Debug */,
				020BE46B19A71EB3006C3E0B /* Release */,
			);
			defaultConfigurationIsVisible = 0;
		};
/* End XCConfigurationList section */
	};
	rootObject = 020BE44219A71EB3006C3E0B /* Project object */;
}
